
Microsoft Visual Studio Solution File, Format Version 12.00
# Visual Studio 15
VisualStudioVersion = 15.0.26430.12
MinimumVisualStudioVersion = 10.0.40219.1
Project("{F2A71F9B-5D33-465A-A702-920D77279786}") = "FFXIVNetwork", "FFXIVNetwork\FFXIVNetwork.fsproj", "{E9BD77FF-5078-4851-8D4B-DFA34254428D}"
EndProject
Project("{FAE04EC0-301F-11D3-BF4B-00C04F79EFBC}") = "IPHelper", "IPHelper.Net\Src\IPHelper\IPHelper.csproj", "{640B925B-8F4C-4891-84FC-648DA3DB3625}"
EndProject
Project("{F2A71F9B-5D33-465A-A702-920D77279786}") = "LibFFXIV", "LibFFXIV\LibFFXIV.fsproj", "{DA1D6501-6350-47D5-84D3-6AA1D5C1A70C}"
EndProject
Global
	GlobalSection(Performance) = preSolution
		HasPerformanceSessions = true
	EndGlobalSection
	GlobalSection(SolutionConfigurationPlatforms) = preSolution
		Debug|Any CPU = Debug|Any CPU
		Release|Any CPU = Release|Any CPU
	EndGlobalSection
	GlobalSection(ProjectConfigurationPlatforms) = postSolution
		{E9BD77FF-5078-4851-8D4B-DFA34254428D}.Debug|Any CPU.ActiveCfg = Debug|Any CPU
		{E9BD77FF-5078-4851-8D4B-DFA34254428D}.Debug|Any CPU.Build.0 = Debug|Any CPU
		{E9BD77FF-5078-4851-8D4B-DFA34254428D}.Release|Any CPU.ActiveCfg = Release|Any CPU
		{E9BD77FF-5078-4851-8D4B-DFA34254428D}.Release|Any CPU.Build.0 = Release|Any CPU
		{640B925B-8F4C-4891-84FC-648DA3DB3625}.Debug|Any CPU.ActiveCfg = Debug|Any CPU
		{640B925B-8F4C-4891-84FC-648DA3DB3625}.Debug|Any CPU.Build.0 = Debug|Any CPU
		{640B925B-8F4C-4891-84FC-648DA3DB3625}.Release|Any CPU.ActiveCfg = Release|Any CPU
		{640B925B-8F4C-4891-84FC-648DA3DB3625}.Release|Any CPU.Build.0 = Release|Any CPU
		{DA1D6501-6350-47D5-84D3-6AA1D5C1A70C}.Debug|Any CPU.ActiveCfg = Debug|Any CPU
		{DA1D6501-6350-47D5-84D3-6AA1D5C1A70C}.Debug|Any CPU.Build.0 = Debug|Any CPU
		{DA1D6501-6350-47D5-84D3-6AA1D5C1A70C}.Release|Any CPU.ActiveCfg = Release|Any CPU
		{DA1D6501-6350-47D5-84D3-6AA1D5C1A70C}.Release|Any CPU.Build.0 = Release|Any CPU
	EndGlobalSection
	GlobalSection(SolutionProperties) = preSolution
		HideSolutionNode = FALSE
	EndGlobalSection
	GlobalSection(Performance) = preSolution
		HasPerformanceSessions = true
	EndGlobalSection
EndGlobal
