
Microsoft Visual Studio Solution File, Format Version 12.00
# Visual Studio 15
VisualStudioVersion = 15.0.27130.2026
MinimumVisualStudioVersion = 10.0.40219.1
Project("{F2A71F9B-5D33-465A-A702-920D77279786}") = "FFXIVNetwork", "FFXIVNetwork\FFXIVNetwork.fsproj", "{E9BD77FF-5078-4851-8D4B-DFA34254428D}"
EndProject
Project("{F2A71F9B-5D33-465A-A702-920D77279786}") = "LibXIVServer", "LibXIVDMF\LibXIVServer.fsproj", "{8A3C2B67-647D-431A-9AC1-7695667B0DE7}"
EndProject
Project("{F2A71F9B-5D33-465A-A702-920D77279786}") = "LibFFXIV.Network", "LibFFXIV\LibFFXIV.Network.fsproj", "{DA1D6501-6350-47D5-84D3-6AA1D5C1A70C}"
EndProject
Project("{F2A71F9B-5D33-465A-A702-920D77279786}") = "XIVConsole", "XIVConsole\XIVConsole.fsproj", "{AF964A55-D344-4125-8EB5-EA1096AB6630}"
EndProject
Project("{2150E333-8FDC-42A3-9474-1A3956D46DE8}") = "SaintCoinach", "SaintCoinach", "{B98F7E8C-CC37-48EF-A17D-7D7B7995E7D6}"
EndProject
Project("{FAE04EC0-301F-11D3-BF4B-00C04F79EFBC}") = "SaintCoinach", "K:\Apps\SaintCoinach\SaintCoinach\SaintCoinach.csproj", "{8A7D65EB-3DE3-4631-B286-CC73A3126002}"
EndProject
Project("{FAE04EC0-301F-11D3-BF4B-00C04F79EFBC}") = "DotSquish", "K:\Apps\SaintCoinach\DotSquish\DotSquish.csproj", "{F9681545-4BEA-4FD3-9AB9-A67BD37AB36D}"
EndProject
Project("{FAE04EC0-301F-11D3-BF4B-00C04F79EFBC}") = "YamlDotNet", "K:\Apps\SaintCoinach\YamlDotNet\YamlDotNet.csproj", "{BF32DE1B-6276-4341-B212-F8862ADBBA7A}"
EndProject
Project("{2150E333-8FDC-42A3-9474-1A3956D46DE8}") = "Machina", "Machina", "{1085EB92-9421-4EB4-8DE0-431FA766CCC2}"
EndProject
Project("{FAE04EC0-301F-11D3-BF4B-00C04F79EFBC}") = "Machina", "Machina\Machina\Machina.csproj", "{2681C607-A075-4070-BE13-34F0A395119E}"
EndProject
Project("{2150E333-8FDC-42A3-9474-1A3956D46DE8}") = "Solution Items", "Solution Items", "{57A2D197-02BA-4730-89EF-B462D8F70744}"
	ProjectSection(SolutionItems) = preProject
		Machina\CHANGELOG.md = Machina\CHANGELOG.md
		Machina\LICENSE.md = Machina\LICENSE.md
		Machina\README.md = Machina\README.md
	EndProjectSection
EndProject
Project("{FAE04EC0-301F-11D3-BF4B-00C04F79EFBC}") = "Machina.FFXIV", "Machina\Machina.FFXIV\Machina.FFXIV.csproj", "{4303E4F0-4C90-44EB-90C2-691451FE49E7}"
EndProject
Project("{F2A71F9B-5D33-465A-A702-920D77279786}") = "XIVServer", "XIVServer\XIVServer.fsproj", "{E3D103EF-0442-4D89-A4A2-842FE784CBAF}"
EndProject
Project("{F2A71F9B-5D33-465A-A702-920D77279786}") = "LibFFXIV.Client", "LibFFXIV.Client\LibFFXIV.Client.fsproj", "{6DA83005-E663-4B66-9AA7-2A2AADB17BB3}"
EndProject
Global
	GlobalSection(Performance) = preSolution
		HasPerformanceSessions = true
	EndGlobalSection
	GlobalSection(SolutionConfigurationPlatforms) = preSolution
		Debug|Any CPU = Debug|Any CPU
		Debug|x86 = Debug|x86
		Release|Any CPU = Release|Any CPU
		Release|x86 = Release|x86
		Release-Unsigned|Any CPU = Release-Unsigned|Any CPU
		Release-Unsigned|x86 = Release-Unsigned|x86
	EndGlobalSection
	GlobalSection(ProjectConfigurationPlatforms) = postSolution
		{E9BD77FF-5078-4851-8D4B-DFA34254428D}.Debug|Any CPU.ActiveCfg = Debug|x86
		{E9BD77FF-5078-4851-8D4B-DFA34254428D}.Debug|Any CPU.Build.0 = Debug|x86
		{E9BD77FF-5078-4851-8D4B-DFA34254428D}.Debug|x86.ActiveCfg = Debug|Any CPU
		{E9BD77FF-5078-4851-8D4B-DFA34254428D}.Debug|x86.Build.0 = Debug|Any CPU
		{E9BD77FF-5078-4851-8D4B-DFA34254428D}.Release|Any CPU.ActiveCfg = Release|Any CPU
		{E9BD77FF-5078-4851-8D4B-DFA34254428D}.Release|Any CPU.Build.0 = Release|Any CPU
		{E9BD77FF-5078-4851-8D4B-DFA34254428D}.Release|x86.ActiveCfg = Release|x86
		{E9BD77FF-5078-4851-8D4B-DFA34254428D}.Release|x86.Build.0 = Release|x86
		{E9BD77FF-5078-4851-8D4B-DFA34254428D}.Release-Unsigned|Any CPU.ActiveCfg = Release|Any CPU
		{E9BD77FF-5078-4851-8D4B-DFA34254428D}.Release-Unsigned|Any CPU.Build.0 = Release|Any CPU
		{E9BD77FF-5078-4851-8D4B-DFA34254428D}.Release-Unsigned|x86.ActiveCfg = Release|x86
		{E9BD77FF-5078-4851-8D4B-DFA34254428D}.Release-Unsigned|x86.Build.0 = Release|x86
		{8A3C2B67-647D-431A-9AC1-7695667B0DE7}.Debug|Any CPU.ActiveCfg = Debug|Any CPU
		{8A3C2B67-647D-431A-9AC1-7695667B0DE7}.Debug|Any CPU.Build.0 = Debug|Any CPU
		{8A3C2B67-647D-431A-9AC1-7695667B0DE7}.Debug|x86.ActiveCfg = Debug|x86
		{8A3C2B67-647D-431A-9AC1-7695667B0DE7}.Debug|x86.Build.0 = Debug|x86
		{8A3C2B67-647D-431A-9AC1-7695667B0DE7}.Release|Any CPU.ActiveCfg = Release|Any CPU
		{8A3C2B67-647D-431A-9AC1-7695667B0DE7}.Release|Any CPU.Build.0 = Release|Any CPU
		{8A3C2B67-647D-431A-9AC1-7695667B0DE7}.Release|x86.ActiveCfg = Release|x86
		{8A3C2B67-647D-431A-9AC1-7695667B0DE7}.Release|x86.Build.0 = Release|x86
		{8A3C2B67-647D-431A-9AC1-7695667B0DE7}.Release-Unsigned|Any CPU.ActiveCfg = Release|Any CPU
		{8A3C2B67-647D-431A-9AC1-7695667B0DE7}.Release-Unsigned|Any CPU.Build.0 = Release|Any CPU
		{8A3C2B67-647D-431A-9AC1-7695667B0DE7}.Release-Unsigned|x86.ActiveCfg = Release|x86
		{8A3C2B67-647D-431A-9AC1-7695667B0DE7}.Release-Unsigned|x86.Build.0 = Release|x86
		{DA1D6501-6350-47D5-84D3-6AA1D5C1A70C}.Debug|Any CPU.ActiveCfg = Debug|Any CPU
		{DA1D6501-6350-47D5-84D3-6AA1D5C1A70C}.Debug|Any CPU.Build.0 = Debug|Any CPU
		{DA1D6501-6350-47D5-84D3-6AA1D5C1A70C}.Debug|x86.ActiveCfg = Debug|x86
		{DA1D6501-6350-47D5-84D3-6AA1D5C1A70C}.Debug|x86.Build.0 = Debug|x86
		{DA1D6501-6350-47D5-84D3-6AA1D5C1A70C}.Release|Any CPU.ActiveCfg = Release|Any CPU
		{DA1D6501-6350-47D5-84D3-6AA1D5C1A70C}.Release|Any CPU.Build.0 = Release|Any CPU
		{DA1D6501-6350-47D5-84D3-6AA1D5C1A70C}.Release|x86.ActiveCfg = Release|x86
		{DA1D6501-6350-47D5-84D3-6AA1D5C1A70C}.Release|x86.Build.0 = Release|x86
		{DA1D6501-6350-47D5-84D3-6AA1D5C1A70C}.Release-Unsigned|Any CPU.ActiveCfg = Release|Any CPU
		{DA1D6501-6350-47D5-84D3-6AA1D5C1A70C}.Release-Unsigned|Any CPU.Build.0 = Release|Any CPU
		{DA1D6501-6350-47D5-84D3-6AA1D5C1A70C}.Release-Unsigned|x86.ActiveCfg = Release|x86
		{DA1D6501-6350-47D5-84D3-6AA1D5C1A70C}.Release-Unsigned|x86.Build.0 = Release|x86
		{AF964A55-D344-4125-8EB5-EA1096AB6630}.Debug|Any CPU.ActiveCfg = Debug|Any CPU
		{AF964A55-D344-4125-8EB5-EA1096AB6630}.Debug|Any CPU.Build.0 = Debug|Any CPU
		{AF964A55-D344-4125-8EB5-EA1096AB6630}.Debug|x86.ActiveCfg = Debug|x86
		{AF964A55-D344-4125-8EB5-EA1096AB6630}.Debug|x86.Build.0 = Debug|x86
		{AF964A55-D344-4125-8EB5-EA1096AB6630}.Release|Any CPU.ActiveCfg = Release|Any CPU
		{AF964A55-D344-4125-8EB5-EA1096AB6630}.Release|Any CPU.Build.0 = Release|Any CPU
		{AF964A55-D344-4125-8EB5-EA1096AB6630}.Release|x86.ActiveCfg = Release|x86
		{AF964A55-D344-4125-8EB5-EA1096AB6630}.Release|x86.Build.0 = Release|x86
		{AF964A55-D344-4125-8EB5-EA1096AB6630}.Release-Unsigned|Any CPU.ActiveCfg = Release|Any CPU
		{AF964A55-D344-4125-8EB5-EA1096AB6630}.Release-Unsigned|Any CPU.Build.0 = Release|Any CPU
		{AF964A55-D344-4125-8EB5-EA1096AB6630}.Release-Unsigned|x86.ActiveCfg = Release|x86
		{AF964A55-D344-4125-8EB5-EA1096AB6630}.Release-Unsigned|x86.Build.0 = Release|x86
		{8A7D65EB-3DE3-4631-B286-CC73A3126002}.Debug|Any CPU.ActiveCfg = Debug|Any CPU
		{8A7D65EB-3DE3-4631-B286-CC73A3126002}.Debug|Any CPU.Build.0 = Debug|Any CPU
		{8A7D65EB-3DE3-4631-B286-CC73A3126002}.Debug|x86.ActiveCfg = Debug|Any CPU
		{8A7D65EB-3DE3-4631-B286-CC73A3126002}.Debug|x86.Build.0 = Debug|Any CPU
		{8A7D65EB-3DE3-4631-B286-CC73A3126002}.Release|Any CPU.ActiveCfg = Release|Any CPU
		{8A7D65EB-3DE3-4631-B286-CC73A3126002}.Release|Any CPU.Build.0 = Release|Any CPU
		{8A7D65EB-3DE3-4631-B286-CC73A3126002}.Release|x86.ActiveCfg = Release|Any CPU
		{8A7D65EB-3DE3-4631-B286-CC73A3126002}.Release|x86.Build.0 = Release|Any CPU
		{8A7D65EB-3DE3-4631-B286-CC73A3126002}.Release-Unsigned|Any CPU.ActiveCfg = Release|Any CPU
		{8A7D65EB-3DE3-4631-B286-CC73A3126002}.Release-Unsigned|Any CPU.Build.0 = Release|Any CPU
		{8A7D65EB-3DE3-4631-B286-CC73A3126002}.Release-Unsigned|x86.ActiveCfg = Release|Any CPU
		{8A7D65EB-3DE3-4631-B286-CC73A3126002}.Release-Unsigned|x86.Build.0 = Release|Any CPU
		{F9681545-4BEA-4FD3-9AB9-A67BD37AB36D}.Debug|Any CPU.ActiveCfg = Debug|Any CPU
		{F9681545-4BEA-4FD3-9AB9-A67BD37AB36D}.Debug|Any CPU.Build.0 = Debug|Any CPU
		{F9681545-4BEA-4FD3-9AB9-A67BD37AB36D}.Debug|x86.ActiveCfg = Debug|Any CPU
		{F9681545-4BEA-4FD3-9AB9-A67BD37AB36D}.Debug|x86.Build.0 = Debug|Any CPU
		{F9681545-4BEA-4FD3-9AB9-A67BD37AB36D}.Release|Any CPU.ActiveCfg = Release|Any CPU
		{F9681545-4BEA-4FD3-9AB9-A67BD37AB36D}.Release|Any CPU.Build.0 = Release|Any CPU
		{F9681545-4BEA-4FD3-9AB9-A67BD37AB36D}.Release|x86.ActiveCfg = Release|Any CPU
		{F9681545-4BEA-4FD3-9AB9-A67BD37AB36D}.Release|x86.Build.0 = Release|Any CPU
		{F9681545-4BEA-4FD3-9AB9-A67BD37AB36D}.Release-Unsigned|Any CPU.ActiveCfg = Release|Any CPU
		{F9681545-4BEA-4FD3-9AB9-A67BD37AB36D}.Release-Unsigned|Any CPU.Build.0 = Release|Any CPU
		{F9681545-4BEA-4FD3-9AB9-A67BD37AB36D}.Release-Unsigned|x86.ActiveCfg = Release|Any CPU
		{F9681545-4BEA-4FD3-9AB9-A67BD37AB36D}.Release-Unsigned|x86.Build.0 = Release|Any CPU
		{BF32DE1B-6276-4341-B212-F8862ADBBA7A}.Debug|Any CPU.ActiveCfg = Debug|Any CPU
		{BF32DE1B-6276-4341-B212-F8862ADBBA7A}.Debug|Any CPU.Build.0 = Debug|Any CPU
		{BF32DE1B-6276-4341-B212-F8862ADBBA7A}.Debug|x86.ActiveCfg = Debug|Any CPU
		{BF32DE1B-6276-4341-B212-F8862ADBBA7A}.Debug|x86.Build.0 = Debug|Any CPU
		{BF32DE1B-6276-4341-B212-F8862ADBBA7A}.Release|Any CPU.ActiveCfg = Release-Unsigned|Any CPU
		{BF32DE1B-6276-4341-B212-F8862ADBBA7A}.Release|Any CPU.Build.0 = Release-Unsigned|Any CPU
		{BF32DE1B-6276-4341-B212-F8862ADBBA7A}.Release|x86.ActiveCfg = Release-Unsigned|Any CPU
		{BF32DE1B-6276-4341-B212-F8862ADBBA7A}.Release|x86.Build.0 = Release-Unsigned|Any CPU
		{BF32DE1B-6276-4341-B212-F8862ADBBA7A}.Release-Unsigned|Any CPU.ActiveCfg = Release-Unsigned|Any CPU
		{BF32DE1B-6276-4341-B212-F8862ADBBA7A}.Release-Unsigned|Any CPU.Build.0 = Release-Unsigned|Any CPU
		{BF32DE1B-6276-4341-B212-F8862ADBBA7A}.Release-Unsigned|x86.ActiveCfg = Release-Unsigned|Any CPU
		{BF32DE1B-6276-4341-B212-F8862ADBBA7A}.Release-Unsigned|x86.Build.0 = Release-Unsigned|Any CPU
		{2681C607-A075-4070-BE13-34F0A395119E}.Debug|Any CPU.ActiveCfg = Debug|Any CPU
		{2681C607-A075-4070-BE13-34F0A395119E}.Debug|Any CPU.Build.0 = Debug|Any CPU
		{2681C607-A075-4070-BE13-34F0A395119E}.Debug|x86.ActiveCfg = Debug|Any CPU
		{2681C607-A075-4070-BE13-34F0A395119E}.Debug|x86.Build.0 = Debug|Any CPU
		{2681C607-A075-4070-BE13-34F0A395119E}.Release|Any CPU.ActiveCfg = Release|Any CPU
		{2681C607-A075-4070-BE13-34F0A395119E}.Release|Any CPU.Build.0 = Release|Any CPU
		{2681C607-A075-4070-BE13-34F0A395119E}.Release|x86.ActiveCfg = Release|Any CPU
		{2681C607-A075-4070-BE13-34F0A395119E}.Release|x86.Build.0 = Release|Any CPU
		{2681C607-A075-4070-BE13-34F0A395119E}.Release-Unsigned|Any CPU.ActiveCfg = Release|Any CPU
		{2681C607-A075-4070-BE13-34F0A395119E}.Release-Unsigned|Any CPU.Build.0 = Release|Any CPU
		{2681C607-A075-4070-BE13-34F0A395119E}.Release-Unsigned|x86.ActiveCfg = Release|Any CPU
		{2681C607-A075-4070-BE13-34F0A395119E}.Release-Unsigned|x86.Build.0 = Release|Any CPU
		{4303E4F0-4C90-44EB-90C2-691451FE49E7}.Debug|Any CPU.ActiveCfg = Debug|Any CPU
		{4303E4F0-4C90-44EB-90C2-691451FE49E7}.Debug|Any CPU.Build.0 = Debug|Any CPU
		{4303E4F0-4C90-44EB-90C2-691451FE49E7}.Debug|x86.ActiveCfg = Debug|Any CPU
		{4303E4F0-4C90-44EB-90C2-691451FE49E7}.Debug|x86.Build.0 = Debug|Any CPU
		{4303E4F0-4C90-44EB-90C2-691451FE49E7}.Release|Any CPU.ActiveCfg = Release|Any CPU
		{4303E4F0-4C90-44EB-90C2-691451FE49E7}.Release|Any CPU.Build.0 = Release|Any CPU
		{4303E4F0-4C90-44EB-90C2-691451FE49E7}.Release|x86.ActiveCfg = Release|Any CPU
		{4303E4F0-4C90-44EB-90C2-691451FE49E7}.Release|x86.Build.0 = Release|Any CPU
		{4303E4F0-4C90-44EB-90C2-691451FE49E7}.Release-Unsigned|Any CPU.ActiveCfg = Release|Any CPU
		{4303E4F0-4C90-44EB-90C2-691451FE49E7}.Release-Unsigned|Any CPU.Build.0 = Release|Any CPU
		{4303E4F0-4C90-44EB-90C2-691451FE49E7}.Release-Unsigned|x86.ActiveCfg = Release|Any CPU
		{4303E4F0-4C90-44EB-90C2-691451FE49E7}.Release-Unsigned|x86.Build.0 = Release|Any CPU
		{E3D103EF-0442-4D89-A4A2-842FE784CBAF}.Debug|Any CPU.ActiveCfg = Debug|Any CPU
		{E3D103EF-0442-4D89-A4A2-842FE784CBAF}.Debug|Any CPU.Build.0 = Debug|Any CPU
		{E3D103EF-0442-4D89-A4A2-842FE784CBAF}.Debug|x86.ActiveCfg = Debug|Any CPU
		{E3D103EF-0442-4D89-A4A2-842FE784CBAF}.Debug|x86.Build.0 = Debug|Any CPU
		{E3D103EF-0442-4D89-A4A2-842FE784CBAF}.Release|Any CPU.ActiveCfg = Release|Any CPU
		{E3D103EF-0442-4D89-A4A2-842FE784CBAF}.Release|Any CPU.Build.0 = Release|Any CPU
		{E3D103EF-0442-4D89-A4A2-842FE784CBAF}.Release|x86.ActiveCfg = Release|Any CPU
		{E3D103EF-0442-4D89-A4A2-842FE784CBAF}.Release|x86.Build.0 = Release|Any CPU
		{E3D103EF-0442-4D89-A4A2-842FE784CBAF}.Release-Unsigned|Any CPU.ActiveCfg = Release|Any CPU
		{E3D103EF-0442-4D89-A4A2-842FE784CBAF}.Release-Unsigned|Any CPU.Build.0 = Release|Any CPU
		{E3D103EF-0442-4D89-A4A2-842FE784CBAF}.Release-Unsigned|x86.ActiveCfg = Release|Any CPU
		{E3D103EF-0442-4D89-A4A2-842FE784CBAF}.Release-Unsigned|x86.Build.0 = Release|Any CPU
		{6DA83005-E663-4B66-9AA7-2A2AADB17BB3}.Debug|Any CPU.ActiveCfg = Debug|Any CPU
		{6DA83005-E663-4B66-9AA7-2A2AADB17BB3}.Debug|Any CPU.Build.0 = Debug|Any CPU
		{6DA83005-E663-4B66-9AA7-2A2AADB17BB3}.Debug|x86.ActiveCfg = Debug|Any CPU
		{6DA83005-E663-4B66-9AA7-2A2AADB17BB3}.Debug|x86.Build.0 = Debug|Any CPU
		{6DA83005-E663-4B66-9AA7-2A2AADB17BB3}.Release|Any CPU.ActiveCfg = Release|Any CPU
		{6DA83005-E663-4B66-9AA7-2A2AADB17BB3}.Release|Any CPU.Build.0 = Release|Any CPU
		{6DA83005-E663-4B66-9AA7-2A2AADB17BB3}.Release|x86.ActiveCfg = Release|Any CPU
		{6DA83005-E663-4B66-9AA7-2A2AADB17BB3}.Release|x86.Build.0 = Release|Any CPU
		{6DA83005-E663-4B66-9AA7-2A2AADB17BB3}.Release-Unsigned|Any CPU.ActiveCfg = Release|Any CPU
		{6DA83005-E663-4B66-9AA7-2A2AADB17BB3}.Release-Unsigned|Any CPU.Build.0 = Release|Any CPU
		{6DA83005-E663-4B66-9AA7-2A2AADB17BB3}.Release-Unsigned|x86.ActiveCfg = Release|Any CPU
		{6DA83005-E663-4B66-9AA7-2A2AADB17BB3}.Release-Unsigned|x86.Build.0 = Release|Any CPU
	EndGlobalSection
	GlobalSection(SolutionProperties) = preSolution
		HideSolutionNode = FALSE
	EndGlobalSection
	GlobalSection(NestedProjects) = preSolution
		{8A7D65EB-3DE3-4631-B286-CC73A3126002} = {B98F7E8C-CC37-48EF-A17D-7D7B7995E7D6}
		{F9681545-4BEA-4FD3-9AB9-A67BD37AB36D} = {B98F7E8C-CC37-48EF-A17D-7D7B7995E7D6}
		{BF32DE1B-6276-4341-B212-F8862ADBBA7A} = {B98F7E8C-CC37-48EF-A17D-7D7B7995E7D6}
		{2681C607-A075-4070-BE13-34F0A395119E} = {1085EB92-9421-4EB4-8DE0-431FA766CCC2}
		{57A2D197-02BA-4730-89EF-B462D8F70744} = {1085EB92-9421-4EB4-8DE0-431FA766CCC2}
		{4303E4F0-4C90-44EB-90C2-691451FE49E7} = {1085EB92-9421-4EB4-8DE0-431FA766CCC2}
	EndGlobalSection
	GlobalSection(ExtensibilityGlobals) = postSolution
		SolutionGuid = {7EB23E61-03C0-414B-BEDD-1B6187E31A5D}
	EndGlobalSection
	GlobalSection(Performance) = preSolution
		HasPerformanceSessions = true
	EndGlobalSection
	GlobalSection(Performance) = preSolution
		HasPerformanceSessions = true
	EndGlobalSection
	GlobalSection(Performance) = preSolution
		HasPerformanceSessions = true
	EndGlobalSection
	GlobalSection(Performance) = preSolution
		HasPerformanceSessions = true
	EndGlobalSection
	GlobalSection(Performance) = preSolution
		HasPerformanceSessions = true
	EndGlobalSection
EndGlobal
